// !$*UTF8*$!
{
	archiveVersion = 1;
	classes = {
	};
	objectVersion = 46;
	objects = {

/* Begin PBXBuildFile section */
		7854626A1E32BC9E00FFCA66 /* main.m in Sources */ = {isa = PBXBuildFile; fileRef = 785462691E32BC9E00FFCA66 /* main.m */; };
		7854626D1E32BC9E00FFCA66 /* AppDelegate.m in Sources */ = {isa = PBXBuildFile; fileRef = 7854626C1E32BC9E00FFCA66 /* AppDelegate.m */; };
		785462731E32BC9E00FFCA66 /* Main.storyboard in Resources */ = {isa = PBXBuildFile; fileRef = 785462711E32BC9E00FFCA66 /* Main.storyboard */; };
		785462751E32BC9E00FFCA66 /* Assets.xcassets in Resources */ = {isa = PBXBuildFile; fileRef = 785462741E32BC9E00FFCA66 /* Assets.xcassets */; };
		785462781E32BC9E00FFCA66 /* LaunchScreen.storyboard in Resources */ = {isa = PBXBuildFile; fileRef = 785462761E32BC9E00FFCA66 /* LaunchScreen.storyboard */; };
		785462831E32BC9E00FFCA66 /* ChitChatLoginTests.m in Sources */ = {isa = PBXBuildFile; fileRef = 785462821E32BC9E00FFCA66 /* ChitChatLoginTests.m */; };
		785462B91E34F7F600FFCA66 /* cc.jpg in Resources */ = {isa = PBXBuildFile; fileRef = 785462B81E34F7F600FFCA66 /* cc.jpg */; };
		785462BA1E34F7F600FFCA66 /* cc.jpg in Resources */ = {isa = PBXBuildFile; fileRef = 785462B81E34F7F600FFCA66 /* cc.jpg */; };
		785462E61E35041B00FFCA66 /* LoginViewController.m in Sources */ = {isa = PBXBuildFile; fileRef = 785462E51E35041B00FFCA66 /* LoginViewController.m */; };
		785462E71E35041B00FFCA66 /* LoginViewController.m in Sources */ = {isa = PBXBuildFile; fileRef = 785462E51E35041B00FFCA66 /* LoginViewController.m */; };
		785462EB1E35070900FFCA66 /* ChitChat.m in Sources */ = {isa = PBXBuildFile; fileRef = 785462EA1E35070900FFCA66 /* ChitChat.m */; };
		785462EC1E35070900FFCA66 /* ChitChat.m in Sources */ = {isa = PBXBuildFile; fileRef = 785462EA1E35070900FFCA66 /* ChitChat.m */; };
		785462FA1E351D2600FFCA66 /* Messages.m in Sources */ = {isa = PBXBuildFile; fileRef = 785462F91E351D2600FFCA66 /* Messages.m */; };
		785462FB1E351D2600FFCA66 /* Messages.m in Sources */ = {isa = PBXBuildFile; fileRef = 785462F91E351D2600FFCA66 /* Messages.m */; };
		785462FE1E35DC8300FFCA66 /* MessagesTests.m in Sources */ = {isa = PBXBuildFile; fileRef = 785462FD1E35DC8300FFCA66 /* MessagesTests.m */; };
		785463001E35DD9A00FFCA66 /* MessageTest.m in Sources */ = {isa = PBXBuildFile; fileRef = 785462FF1E35DD9A00FFCA66 /* MessageTest.m */; };
/* End PBXBuildFile section */

/* Begin PBXContainerItemProxy section */
		7854627F1E32BC9E00FFCA66 /* PBXContainerItemProxy */ = {
			isa = PBXContainerItemProxy;
			containerPortal = 7854625D1E32BC9D00FFCA66 /* Project object */;
			proxyType = 1;
			remoteGlobalIDString = 785462641E32BC9D00FFCA66;
			remoteInfo = ChitChat;
		};
/* End PBXContainerItemProxy section */

/* Begin PBXFileReference section */
		785462651E32BC9E00FFCA66 /* ChitChat.app */ = {isa = PBXFileReference; explicitFileType = wrapper.application; includeInIndex = 0; path = ChitChat.app; sourceTree = BUILT_PRODUCTS_DIR; };
		785462691E32BC9E00FFCA66 /* main.m */ = {isa = PBXFileReference; lastKnownFileType = sourcecode.c.objc; path = main.m; sourceTree = "<group>"; };
		7854626B1E32BC9E00FFCA66 /* AppDelegate.h */ = {isa = PBXFileReference; lastKnownFileType = sourcecode.c.h; path = AppDelegate.h; sourceTree = "<group>"; };
		7854626C1E32BC9E00FFCA66 /* AppDelegate.m */ = {isa = PBXFileReference; lastKnownFileType = sourcecode.c.objc; path = AppDelegate.m; sourceTree = "<group>"; };
		785462721E32BC9E00FFCA66 /* Base */ = {isa = PBXFileReference; lastKnownFileType = file.storyboard; name = Base; path = Base.lproj/Main.storyboard; sourceTree = "<group>"; };
		785462741E32BC9E00FFCA66 /* Assets.xcassets */ = {isa = PBXFileReference; lastKnownFileType = folder.assetcatalog; path = Assets.xcassets; sourceTree = "<group>"; };
		785462771E32BC9E00FFCA66 /* Base */ = {isa = PBXFileReference; lastKnownFileType = file.storyboard; name = Base; path = Base.lproj/LaunchScreen.storyboard; sourceTree = "<group>"; };
		785462791E32BC9E00FFCA66 /* Info.plist */ = {isa = PBXFileReference; lastKnownFileType = text.plist.xml; path = Info.plist; sourceTree = "<group>"; };
		7854627E1E32BC9E00FFCA66 /* ChitChatTests.xctest */ = {isa = PBXFileReference; explicitFileType = wrapper.cfbundle; includeInIndex = 0; path = ChitChatTests.xctest; sourceTree = BUILT_PRODUCTS_DIR; };
		785462821E32BC9E00FFCA66 /* ChitChatLoginTests.m */ = {isa = PBXFileReference; lastKnownFileType = sourcecode.c.objc; path = ChitChatLoginTests.m; sourceTree = "<group>"; };
		785462841E32BC9E00FFCA66 /* Info.plist */ = {isa = PBXFileReference; lastKnownFileType = text.plist.xml; path = Info.plist; sourceTree = "<group>"; };
		785462B81E34F7F600FFCA66 /* cc.jpg */ = {isa = PBXFileReference; lastKnownFileType = image.jpeg; path = cc.jpg; sourceTree = "<group>"; };
		785462E41E35041B00FFCA66 /* LoginViewController.h */ = {isa = PBXFileReference; fileEncoding = 4; lastKnownFileType = sourcecode.c.h; name = LoginViewController.h; path = Scenes/Login/LoginViewController.h; sourceTree = "<group>"; };
		785462E51E35041B00FFCA66 /* LoginViewController.m */ = {isa = PBXFileReference; fileEncoding = 4; lastKnownFileType = sourcecode.c.objc; name = LoginViewController.m; path = Scenes/Login/LoginViewController.m; sourceTree = "<group>"; };
		785462E91E35070900FFCA66 /* ChitChat.h */ = {isa = PBXFileReference; fileEncoding = 4; lastKnownFileType = sourcecode.c.h; name = ChitChat.h; path = Services/ChitChat.h; sourceTree = "<group>"; };
		785462EA1E35070900FFCA66 /* ChitChat.m */ = {isa = PBXFileReference; fileEncoding = 4; lastKnownFileType = sourcecode.c.objc; name = ChitChat.m; path = Services/ChitChat.m; sourceTree = "<group>"; };
		785462ED1E35074600FFCA66 /* ChitChatProtocol.h */ = {isa = PBXFileReference; lastKnownFileType = sourcecode.c.h; name = ChitChatProtocol.h; path = Services/ChitChatProtocol.h; sourceTree = "<group>"; };
		785462F81E351D2600FFCA66 /* Messages.h */ = {isa = PBXFileReference; fileEncoding = 4; lastKnownFileType = sourcecode.c.h; name = Messages.h; path = Services/Models/Messages.h; sourceTree = "<group>"; };
		785462F91E351D2600FFCA66 /* Messages.m */ = {isa = PBXFileReference; fileEncoding = 4; lastKnownFileType = sourcecode.c.objc; name = Messages.m; path = Services/Models/Messages.m; sourceTree = "<group>"; };
		785462FD1E35DC8300FFCA66 /* MessagesTests.m */ = {isa = PBXFileReference; fileEncoding = 4; lastKnownFileType = sourcecode.c.objc; path = MessagesTests.m; sourceTree = "<group>"; };
		785462FF1E35DD9A00FFCA66 /* MessageTest.m */ = {isa = PBXFileReference; fileEncoding = 4; lastKnownFileType = sourcecode.c.objc; path = MessageTest.m; sourceTree = "<group>"; };
/* End PBXFileReference section */

/* Begin PBXFrameworksBuildPhase section */
		785462621E32BC9D00FFCA66 /* Frameworks */ = {
			isa = PBXFrameworksBuildPhase;
			buildActionMask = 2147483647;
			files = (
			);
			runOnlyForDeploymentPostprocessing = 0;
		};
		7854627B1E32BC9E00FFCA66 /* Frameworks */ = {
			isa = PBXFrameworksBuildPhase;
			buildActionMask = 2147483647;
			files = (
			);
			runOnlyForDeploymentPostprocessing = 0;
		};
/* End PBXFrameworksBuildPhase section */

/* Begin PBXGroup section */
		7854625C1E32BC9D00FFCA66 = {
			isa = PBXGroup;
			children = (
				785462B71E34F7E800FFCA66 /* Resources */,
				785462671E32BC9E00FFCA66 /* ChitChat */,
				785462811E32BC9E00FFCA66 /* ChitChatTests */,
				785462661E32BC9E00FFCA66 /* Products */,
			);
			sourceTree = "<group>";
		};
		785462661E32BC9E00FFCA66 /* Products */ = {
			isa = PBXGroup;
			children = (
				785462651E32BC9E00FFCA66 /* ChitChat.app */,
				7854627E1E32BC9E00FFCA66 /* ChitChatTests.xctest */,
			);
			name = Products;
			sourceTree = "<group>";
		};
		785462671E32BC9E00FFCA66 /* ChitChat */ = {
			isa = PBXGroup;
			children = (
				785462E81E3506C800FFCA66 /* Services */,
				785462E31E3503B100FFCA66 /* Login */,
				7854626B1E32BC9E00FFCA66 /* AppDelegate.h */,
				7854626C1E32BC9E00FFCA66 /* AppDelegate.m */,
				785462711E32BC9E00FFCA66 /* Main.storyboard */,
				785462741E32BC9E00FFCA66 /* Assets.xcassets */,
				785462761E32BC9E00FFCA66 /* LaunchScreen.storyboard */,
				785462791E32BC9E00FFCA66 /* Info.plist */,
				785462681E32BC9E00FFCA66 /* Supporting Files */,
			);
			path = ChitChat;
			sourceTree = "<group>";
		};
		785462681E32BC9E00FFCA66 /* Supporting Files */ = {
			isa = PBXGroup;
			children = (
				785462691E32BC9E00FFCA66 /* main.m */,
			);
			name = "Supporting Files";
			sourceTree = "<group>";
		};
		785462811E32BC9E00FFCA66 /* ChitChatTests */ = {
			isa = PBXGroup;
			children = (
				785462FC1E35DC6000FFCA66 /* Models */,
				785462821E32BC9E00FFCA66 /* ChitChatLoginTests.m */,
				785462841E32BC9E00FFCA66 /* Info.plist */,
			);
			path = ChitChatTests;
			sourceTree = "<group>";
		};
		785462B71E34F7E800FFCA66 /* Resources */ = {
			isa = PBXGroup;
			children = (
				785462B81E34F7F600FFCA66 /* cc.jpg */,
			);
			name = Resources;
			sourceTree = "<group>";
		};
		785462E31E3503B100FFCA66 /* Login */ = {
			isa = PBXGroup;
			children = (
				785462E41E35041B00FFCA66 /* LoginViewController.h */,
				785462E51E35041B00FFCA66 /* LoginViewController.m */,
			);
			name = Login;
			sourceTree = "<group>";
		};
		785462E81E3506C800FFCA66 /* Services */ = {
			isa = PBXGroup;
			children = (
				785462F71E351AF000FFCA66 /* Models */,
				785462E91E35070900FFCA66 /* ChitChat.h */,
				785462EA1E35070900FFCA66 /* ChitChat.m */,
				785462ED1E35074600FFCA66 /* ChitChatProtocol.h */,
			);
			name = Services;
			sourceTree = "<group>";
		};
		785462F71E351AF000FFCA66 /* Models */ = {
			isa = PBXGroup;
			children = (
				785462F81E351D2600FFCA66 /* Messages.h */,
				785462F91E351D2600FFCA66 /* Messages.m */,
			);
			name = Models;
			sourceTree = "<group>";
		};
		785462FC1E35DC6000FFCA66 /* Models */ = {
			isa = PBXGroup;
			children = (
				785462FD1E35DC8300FFCA66 /* MessagesTests.m */,
				785462FF1E35DD9A00FFCA66 /* MessageTest.m */,
			);
			name = Models;
			sourceTree = "<group>";
		};
/* End PBXGroup section */

/* Begin PBXNativeTarget section */
		785462641E32BC9D00FFCA66 /* ChitChat */ = {
			isa = PBXNativeTarget;
			buildConfigurationList = 785462871E32BC9E00FFCA66 /* Build configuration list for PBXNativeTarget "ChitChat" */;
			buildPhases = (
				785462611E32BC9D00FFCA66 /* Sources */,
				785462621E32BC9D00FFCA66 /* Frameworks */,
				785462631E32BC9D00FFCA66 /* Resources */,
			);
			buildRules = (
			);
			dependencies = (
			);
			name = ChitChat;
			productName = ChitChat;
			productReference = 785462651E32BC9E00FFCA66 /* ChitChat.app */;
			productType = "com.apple.product-type.application";
		};
		7854627D1E32BC9E00FFCA66 /* ChitChatTests */ = {
			isa = PBXNativeTarget;
			buildConfigurationList = 7854628A1E32BC9E00FFCA66 /* Build configuration list for PBXNativeTarget "ChitChatTests" */;
			buildPhases = (
				7854627A1E32BC9E00FFCA66 /* Sources */,
				7854627B1E32BC9E00FFCA66 /* Frameworks */,
				7854627C1E32BC9E00FFCA66 /* Resources */,
			);
			buildRules = (
			);
			dependencies = (
				785462801E32BC9E00FFCA66 /* PBXTargetDependency */,
			);
			name = ChitChatTests;
			productName = ChitChatTests;
			productReference = 7854627E1E32BC9E00FFCA66 /* ChitChatTests.xctest */;
			productType = "com.apple.product-type.bundle.unit-test";
		};
/* End PBXNativeTarget section */

/* Begin PBXProject section */
		7854625D1E32BC9D00FFCA66 /* Project object */ = {
			isa = PBXProject;
			attributes = {
				LastUpgradeCheck = 0820;
				ORGANIZATIONNAME = yeradis;
				TargetAttributes = {
					785462641E32BC9D00FFCA66 = {
						CreatedOnToolsVersion = 8.2.1;
						DevelopmentTeam = HGX8T65WV9;
						ProvisioningStyle = Automatic;
					};
					7854627D1E32BC9E00FFCA66 = {
						CreatedOnToolsVersion = 8.2.1;
						DevelopmentTeam = HGX8T65WV9;
						ProvisioningStyle = Automatic;
						TestTargetID = 785462641E32BC9D00FFCA66;
					};
				};
			};
			buildConfigurationList = 785462601E32BC9D00FFCA66 /* Build configuration list for PBXProject "ChitChat" */;
			compatibilityVersion = "Xcode 3.2";
			developmentRegion = English;
			hasScannedForEncodings = 0;
			knownRegions = (
				en,
				Base,
			);
			mainGroup = 7854625C1E32BC9D00FFCA66;
			productRefGroup = 785462661E32BC9E00FFCA66 /* Products */;
			projectDirPath = "";
			projectRoot = "";
			targets = (
				785462641E32BC9D00FFCA66 /* ChitChat */,
				7854627D1E32BC9E00FFCA66 /* ChitChatTests */,
			);
		};
/* End PBXProject section */

/* Begin PBXResourcesBuildPhase section */
		785462631E32BC9D00FFCA66 /* Resources */ = {
			isa = PBXResourcesBuildPhase;
			buildActionMask = 2147483647;
			files = (
				785462781E32BC9E00FFCA66 /* LaunchScreen.storyboard in Resources */,
				785462751E32BC9E00FFCA66 /* Assets.xcassets in Resources */,
				785462731E32BC9E00FFCA66 /* Main.storyboard in Resources */,
				785462B91E34F7F600FFCA66 /* cc.jpg in Resources */,
			);
			runOnlyForDeploymentPostprocessing = 0;
		};
		7854627C1E32BC9E00FFCA66 /* Resources */ = {
			isa = PBXResourcesBuildPhase;
			buildActionMask = 2147483647;
			files = (
				785462BA1E34F7F600FFCA66 /* cc.jpg in Resources */,
			);
			runOnlyForDeploymentPostprocessing = 0;
		};
/* End PBXResourcesBuildPhase section */

/* Begin PBXSourcesBuildPhase section */
		785462611E32BC9D00FFCA66 /* Sources */ = {
			isa = PBXSourcesBuildPhase;
			buildActionMask = 2147483647;
			files = (
				7854626D1E32BC9E00FFCA66 /* AppDelegate.m in Sources */,
				785462EB1E35070900FFCA66 /* ChitChat.m in Sources */,
				785462FA1E351D2600FFCA66 /* Messages.m in Sources */,
				7854626A1E32BC9E00FFCA66 /* main.m in Sources */,
				785462E61E35041B00FFCA66 /* LoginViewController.m in Sources */,
			);
			runOnlyForDeploymentPostprocessing = 0;
		};
		7854627A1E32BC9E00FFCA66 /* Sources */ = {
			isa = PBXSourcesBuildPhase;
			buildActionMask = 2147483647;
			files = (
				785462E71E35041B00FFCA66 /* LoginViewController.m in Sources */,
				785462FB1E351D2600FFCA66 /* Messages.m in Sources */,
				785462831E32BC9E00FFCA66 /* ChitChatLoginTests.m in Sources */,
				785463001E35DD9A00FFCA66 /* MessageTest.m in Sources */,
				785462FE1E35DC8300FFCA66 /* MessagesTests.m in Sources */,
				785462EC1E35070900FFCA66 /* ChitChat.m in Sources */,
			);
			runOnlyForDeploymentPostprocessing = 0;
		};
/* End PBXSourcesBuildPhase section */

/* Begin PBXTargetDependency section */
		785462801E32BC9E00FFCA66 /* PBXTargetDependency */ = {
			isa = PBXTargetDependency;
			target = 785462641E32BC9D00FFCA66 /* ChitChat */;
			targetProxy = 7854627F1E32BC9E00FFCA66 /* PBXContainerItemProxy */;
		};
/* End PBXTargetDependency section */

/* Begin PBXVariantGroup section */
		785462711E32BC9E00FFCA66 /* Main.storyboard */ = {
			isa = PBXVariantGroup;
			children = (
				785462721E32BC9E00FFCA66 /* Base */,
			);
			name = Main.storyboard;
			sourceTree = "<group>";
		};
		785462761E32BC9E00FFCA66 /* LaunchScreen.storyboard */ = {
			isa = PBXVariantGroup;
			children = (
				785462771E32BC9E00FFCA66 /* Base */,
			);
			name = LaunchScreen.storyboard;
			sourceTree = "<group>";
		};
/* End PBXVariantGroup section */

/* Begin XCBuildConfiguration section */
		785462851E32BC9E00FFCA66 /* Debug */ = {
			isa = XCBuildConfiguration;
			buildSettings = {
				ALWAYS_SEARCH_USER_PATHS = NO;
				CLANG_ANALYZER_NONNULL = YES;
				CLANG_CXX_LANGUAGE_STANDARD = "gnu++0x";
				CLANG_CXX_LIBRARY = "libc++";
				CLANG_ENABLE_MODULES = YES;
				CLANG_ENABLE_OBJC_ARC = YES;
				CLANG_WARN_BOOL_CONVERSION = YES;
				CLANG_WARN_CONSTANT_CONVERSION = YES;
				CLANG_WARN_DIRECT_OBJC_ISA_USAGE = YES_ERROR;
				CLANG_WARN_DOCUMENTATION_COMMENTS = YES;
				CLANG_WARN_EMPTY_BODY = YES;
				CLANG_WARN_ENUM_CONVERSION = YES;
				CLANG_WARN_INFINITE_RECURSION = YES;
				CLANG_WARN_INT_CONVERSION = YES;
				CLANG_WARN_OBJC_ROOT_CLASS = YES_ERROR;
				CLANG_WARN_SUSPICIOUS_MOVE = YES;
				CLANG_WARN_UNREACHABLE_CODE = YES;
				CLANG_WARN__DUPLICATE_METHOD_MATCH = YES;
				"CODE_SIGN_IDENTITY[sdk=iphoneos*]" = "iPhone Developer";
				COPY_PHASE_STRIP = NO;
				DEBUG_INFORMATION_FORMAT = dwarf;
				ENABLE_STRICT_OBJC_MSGSEND = YES;
				ENABLE_TESTABILITY = YES;
				GCC_C_LANGUAGE_STANDARD = gnu99;
				GCC_DYNAMIC_NO_PIC = NO;
				GCC_NO_COMMON_BLOCKS = YES;
				GCC_OPTIMIZATION_LEVEL = 0;
				GCC_PREPROCESSOR_DEFINITIONS = (
					"DEBUG=1",
					"$(inherited)",
				);
				GCC_WARN_64_TO_32_BIT_CONVERSION = YES;
				GCC_WARN_ABOUT_RETURN_TYPE = YES_ERROR;
				GCC_WARN_UNDECLARED_SELECTOR = YES;
				GCC_WARN_UNINITIALIZED_AUTOS = YES_AGGRESSIVE;
				GCC_WARN_UNUSED_FUNCTION = YES;
				GCC_WARN_UNUSED_VARIABLE = YES;
				IPHONEOS_DEPLOYMENT_TARGET = 10.2;
				MTL_ENABLE_DEBUG_INFO = YES;
				ONLY_ACTIVE_ARCH = YES;
				SDKROOT = iphoneos;
				TARGETED_DEVICE_FAMILY = "1,2";
			};
			name = Debug;
		};
		785462861E32BC9E00FFCA66 /* Release */ = {
			isa = XCBuildConfiguration;
			buildSettings = {
				ALWAYS_SEARCH_USER_PATHS = NO;
				CLANG_ANALYZER_NONNULL = YES;
				CLANG_CXX_LANGUAGE_STANDARD = "gnu++0x";
				CLANG_CXX_LIBRARY = "libc++";
				CLANG_ENABLE_MODULES = YES;
				CLANG_ENABLE_OBJC_ARC = YES;
				CLANG_WARN_BOOL_CONVERSION = YES;
				CLANG_WARN_CONSTANT_CONVERSION = YES;
				CLANG_WARN_DIRECT_OBJC_ISA_USAGE = YES_ERROR;
				CLANG_WARN_DOCUMENTATION_COMMENTS = YES;
				CLANG_WARN_EMPTY_BODY = YES;
				CLANG_WARN_ENUM_CONVERSION = YES;
				CLANG_WARN_INFINITE_RECURSION = YES;
				CLANG_WARN_INT_CONVERSION = YES;
				CLANG_WARN_OBJC_ROOT_CLASS = YES_ERROR;
				CLANG_WARN_SUSPICIOUS_MOVE = YES;
				CLANG_WARN_UNREACHABLE_CODE = YES;
				CLANG_WARN__DUPLICATE_METHOD_MATCH = YES;
				"CODE_SIGN_IDENTITY[sdk=iphoneos*]" = "iPhone Developer";
				COPY_PHASE_STRIP = NO;
				DEBUG_INFORMATION_FORMAT = "dwarf-with-dsym";
				ENABLE_NS_ASSERTIONS = NO;
				ENABLE_STRICT_OBJC_MSGSEND = YES;
				GCC_C_LANGUAGE_STANDARD = gnu99;
				GCC_NO_COMMON_BLOCKS = YES;
				GCC_WARN_64_TO_32_BIT_CONVERSION = YES;
				GCC_WARN_ABOUT_RETURN_TYPE = YES_ERROR;
				GCC_WARN_UNDECLARED_SELECTOR = YES;
				GCC_WARN_UNINITIALIZED_AUTOS = YES_AGGRESSIVE;
				GCC_WARN_UNUSED_FUNCTION = YES;
				GCC_WARN_UNUSED_VARIABLE = YES;
				IPHONEOS_DEPLOYMENT_TARGET = 10.2;
				MTL_ENABLE_DEBUG_INFO = NO;
				SDKROOT = iphoneos;
				TARGETED_DEVICE_FAMILY = "1,2";
				VALIDATE_PRODUCT = YES;
			};
			name = Release;
		};
		785462881E32BC9E00FFCA66 /* Debug */ = {
			isa = XCBuildConfiguration;
			buildSettings = {
				ASSETCATALOG_COMPILER_APPICON_NAME = AppIcon;
				DEVELOPMENT_TEAM = HGX8T65WV9;
				INFOPLIST_FILE = ChitChat/Info.plist;
				LD_RUNPATH_SEARCH_PATHS = "$(inherited) @executable_path/Frameworks";
				PRODUCT_BUNDLE_IDENTIFIER = com.yeradis.garage.mobile.ChitChat;
				PRODUCT_NAME = "$(TARGET_NAME)";
			};
			name = Debug;
		};
		785462891E32BC9E00FFCA66 /* Release */ = {
			isa = XCBuildConfiguration;
			buildSettings = {
				ASSETCATALOG_COMPILER_APPICON_NAME = AppIcon;
				DEVELOPMENT_TEAM = HGX8T65WV9;
				INFOPLIST_FILE = ChitChat/Info.plist;
				LD_RUNPATH_SEARCH_PATHS = "$(inherited) @executable_path/Frameworks";
				PRODUCT_BUNDLE_IDENTIFIER = com.yeradis.garage.mobile.ChitChat;
				PRODUCT_NAME = "$(TARGET_NAME)";
			};
			name = Release;
		};
		7854628B1E32BC9E00FFCA66 /* Debug */ = {
			isa = XCBuildConfiguration;
			buildSettings = {
				BUNDLE_LOADER = "$(TEST_HOST)";
				DEVELOPMENT_TEAM = HGX8T65WV9;
				INFOPLIST_FILE = ChitChatTests/Info.plist;
				LD_RUNPATH_SEARCH_PATHS = "$(inherited) @executable_path/Frameworks @loader_path/Frameworks";
				PRODUCT_BUNDLE_IDENTIFIER = com.yeradis.garage.mobile.ChitChatTests;
				PRODUCT_NAME = "$(TARGET_NAME)";
				TEST_HOST = "$(BUILT_PRODUCTS_DIR)/ChitChat.app/ChitChat";
			};
			name = Debug;
		};
		7854628C1E32BC9E00FFCA66 /* Release */ = {
			isa = XCBuildConfiguration;
			buildSettings = {
				BUNDLE_LOADER = "$(TEST_HOST)";
				DEVELOPMENT_TEAM = HGX8T65WV9;
				INFOPLIST_FILE = ChitChatTests/Info.plist;
				LD_RUNPATH_SEARCH_PATHS = "$(inherited) @executable_path/Frameworks @loader_path/Frameworks";
				PRODUCT_BUNDLE_IDENTIFIER = com.yeradis.garage.mobile.ChitChatTests;
				PRODUCT_NAME = "$(TARGET_NAME)";
				TEST_HOST = "$(BUILT_PRODUCTS_DIR)/ChitChat.app/ChitChat";
			};
			name = Release;
		};
/* End XCBuildConfiguration section */

/* Begin XCConfigurationList section */
		785462601E32BC9D00FFCA66 /* Build configuration list for PBXProject "ChitChat" */ = {
			isa = XCConfigurationList;
			buildConfigurations = (
				785462851E32BC9E00FFCA66 /* Debug */,
				785462861E32BC9E00FFCA66 /* Release */,
			);
			defaultConfigurationIsVisible = 0;
			defaultConfigurationName = Release;
		};
		785462871E32BC9E00FFCA66 /* Build configuration list for PBXNativeTarget "ChitChat" */ = {
			isa = XCConfigurationList;
			buildConfigurations = (
				785462881E32BC9E00FFCA66 /* Debug */,
				785462891E32BC9E00FFCA66 /* Release */,
			);
			defaultConfigurationIsVisible = 0;
			defaultConfigurationName = Release;
		};
		7854628A1E32BC9E00FFCA66 /* Build configuration list for PBXNativeTarget "ChitChatTests" */ = {
			isa = XCConfigurationList;
			buildConfigurations = (
				7854628B1E32BC9E00FFCA66 /* Debug */,
				7854628C1E32BC9E00FFCA66 /* Release */,
			);
			defaultConfigurationIsVisible = 0;
			defaultConfigurationName = Release;
		};
/* End XCConfigurationList section */
	};
	rootObject = 7854625D1E32BC9D00FFCA66 /* Project object */;
}
